
Microsoft Visual Studio Solution File, Format Version 12.00
# Visual Studio Version 16
VisualStudioVersion = 25.0.1706.14
MinimumVisualStudioVersion = 10.0.40219.1
Project("{FAE04EC0-301F-11D3-BF4B-00C04F79EFBC}") = "Fall2024-Assignment1-Iqstevens", "Fall2024-Assignment1-Iqstevens.csproj", "{EDF03723-B7DE-4266-9A79-7C9AEDEC9F3E}"
EndProject
Global
	GlobalSection(SolutionConfigurationPlatforms) = preSolution
		Debug|Any CPU = Debug|Any CPU
		Release|Any CPU = Release|Any CPU
	EndGlobalSection
	GlobalSection(ProjectConfigurationPlatforms) = postSolution
		{EDF03723-B7DE-4266-9A79-7C9AEDEC9F3E}.Debug|Any CPU.ActiveCfg = Debug|Any CPU
		{EDF03723-B7DE-4266-9A79-7C9AEDEC9F3E}.Debug|Any CPU.Build.0 = Debug|Any CPU
		{EDF03723-B7DE-4266-9A79-7C9AEDEC9F3E}.Release|Any CPU.ActiveCfg = Release|Any CPU
		{EDF03723-B7DE-4266-9A79-7C9AEDEC9F3E}.Release|Any CPU.Build.0 = Release|Any CPU
	EndGlobalSection
	GlobalSection(SolutionProperties) = preSolution
		HideSolutionNode = FALSE
	EndGlobalSection
	GlobalSection(ExtensibilityGlobals) = postSolution
		SolutionGuid = {1F720B71-6549-4A35-9566-B89A0ED5D5C3}
	EndGlobalSection
EndGlobal
